
Microsoft Visual Studio Solution File, Format Version 12.00
# Visual Studio Version 17
VisualStudioVersion = 17.0.32112.339
MinimumVisualStudioVersion = 10.0.40219.1
Project("{FAE04EC0-301F-11D3-BF4B-00C04F79EFBC}") = "Mog2Had", "Mog2Had\Mog2Had.csproj", "{A3603C7C-1175-4F60-A1CF-2A78F786B0A9}"
EndProject
Global
	GlobalSection(SolutionConfigurationPlatforms) = preSolution
		Debug|Any CPU = Debug|Any CPU
		Release|Any CPU = Release|Any CPU
	EndGlobalSection
	GlobalSection(ProjectConfigurationPlatforms) = postSolution
		{A3603C7C-1175-4F60-A1CF-2A78F786B0A9}.Debug|Any CPU.ActiveCfg = Debug|Any CPU
		{A3603C7C-1175-4F60-A1CF-2A78F786B0A9}.Debug|Any CPU.Build.0 = Debug|Any CPU
		{A3603C7C-1175-4F60-A1CF-2A78F786B0A9}.Release|Any CPU.ActiveCfg = Release|Any CPU
		{A3603C7C-1175-4F60-A1CF-2A78F786B0A9}.Release|Any CPU.Build.0 = Release|Any CPU
	EndGlobalSection
	GlobalSection(SolutionProperties) = preSolution
		HideSolutionNode = FALSE
	EndGlobalSection
	GlobalSection(ExtensibilityGlobals) = postSolution
		SolutionGuid = {E33D472D-37AB-4470-8380-044AA246CE16}
	EndGlobalSection
EndGlobal
